// !$*UTF8*$!
{
	archiveVersion = 1;
	classes = {
	};
	objectVersion = 46;
	objects = {

/* Begin PBXBuildFile section */
		7C7F4F191E8ED799008DD0CE /* SearchViewController.swift in Sources */ = {isa = PBXBuildFile; fileRef = 7C7F4F181E8ED799008DD0CE /* SearchViewController.swift */; };
		7C7F4F1B1E8ED7C9008DD0CE /* LocalViewController.swift in Sources */ = {isa = PBXBuildFile; fileRef = 7C7F4F1A1E8ED7C9008DD0CE /* LocalViewController.swift */; };
		7C7F4F1D1E8ED7D9008DD0CE /* ProfileViewController.swift in Sources */ = {isa = PBXBuildFile; fileRef = 7C7F4F1C1E8ED7D9008DD0CE /* ProfileViewController.swift */; };
		7CA005221E8C24F700BA7719 /* AppDelegate.swift in Sources */ = {isa = PBXBuildFile; fileRef = 7CA005211E8C24F700BA7719 /* AppDelegate.swift */; };
		7CA005241E8C24F700BA7719 /* ViewController.swift in Sources */ = {isa = PBXBuildFile; fileRef = 7CA005231E8C24F700BA7719 /* ViewController.swift */; };
		7CA005271E8C24F700BA7719 /* Main.storyboard in Resources */ = {isa = PBXBuildFile; fileRef = 7CA005251E8C24F700BA7719 /* Main.storyboard */; };
		7CA005291E8C24F700BA7719 /* Assets.xcassets in Resources */ = {isa = PBXBuildFile; fileRef = 7CA005281E8C24F700BA7719 /* Assets.xcassets */; };
		7CA0052C1E8C24F700BA7719 /* LaunchScreen.storyboard in Resources */ = {isa = PBXBuildFile; fileRef = 7CA0052A1E8C24F700BA7719 /* LaunchScreen.storyboard */; };
		7CA005361E8D301F00BA7719 /* playApoieACena.png in Resources */ = {isa = PBXBuildFile; fileRef = 7CA005351E8D301F00BA7719 /* playApoieACena.png */; };
/* End PBXBuildFile section */

/* Begin PBXFileReference section */
		7C7F4F181E8ED799008DD0CE /* SearchViewController.swift */ = {isa = PBXFileReference; fileEncoding = 4; lastKnownFileType = sourcecode.swift; path = SearchViewController.swift; sourceTree = "<group>"; };
		7C7F4F1A1E8ED7C9008DD0CE /* LocalViewController.swift */ = {isa = PBXFileReference; fileEncoding = 4; lastKnownFileType = sourcecode.swift; path = LocalViewController.swift; sourceTree = "<group>"; };
		7C7F4F1C1E8ED7D9008DD0CE /* ProfileViewController.swift */ = {isa = PBXFileReference; fileEncoding = 4; lastKnownFileType = sourcecode.swift; path = ProfileViewController.swift; sourceTree = "<group>"; };
		7CA0051E1E8C24F700BA7719 /* ApoieACena.app */ = {isa = PBXFileReference; explicitFileType = wrapper.application; includeInIndex = 0; path = ApoieACena.app; sourceTree = BUILT_PRODUCTS_DIR; };
		7CA005211E8C24F700BA7719 /* AppDelegate.swift */ = {isa = PBXFileReference; lastKnownFileType = sourcecode.swift; path = AppDelegate.swift; sourceTree = "<group>"; };
		7CA005231E8C24F700BA7719 /* ViewController.swift */ = {isa = PBXFileReference; lastKnownFileType = sourcecode.swift; path = ViewController.swift; sourceTree = "<group>"; };
		7CA005261E8C24F700BA7719 /* Base */ = {isa = PBXFileReference; lastKnownFileType = file.storyboard; name = Base; path = Base.lproj/Main.storyboard; sourceTree = "<group>"; };
		7CA005281E8C24F700BA7719 /* Assets.xcassets */ = {isa = PBXFileReference; lastKnownFileType = folder.assetcatalog; path = Assets.xcassets; sourceTree = "<group>"; };
		7CA0052B1E8C24F700BA7719 /* Base */ = {isa = PBXFileReference; lastKnownFileType = file.storyboard; name = Base; path = Base.lproj/LaunchScreen.storyboard; sourceTree = "<group>"; };
		7CA0052D1E8C24F700BA7719 /* Info.plist */ = {isa = PBXFileReference; lastKnownFileType = text.plist.xml; path = Info.plist; sourceTree = "<group>"; };
		7CA005351E8D301F00BA7719 /* playApoieACena.png */ = {isa = PBXFileReference; lastKnownFileType = image.png; path = playApoieACena.png; sourceTree = "<group>"; };
/* End PBXFileReference section */

/* Begin PBXFrameworksBuildPhase section */
		7CA0051B1E8C24F700BA7719 /* Frameworks */ = {
			isa = PBXFrameworksBuildPhase;
			buildActionMask = 2147483647;
			files = (
			);
			runOnlyForDeploymentPostprocessing = 0;
		};
/* End PBXFrameworksBuildPhase section */

/* Begin PBXGroup section */
		7CA005151E8C24F600BA7719 = {
			isa = PBXGroup;
			children = (
				7CA005201E8C24F700BA7719 /* ApoieACena */,
				7CA0051F1E8C24F700BA7719 /* Products */,
			);
			sourceTree = "<group>";
		};
		7CA0051F1E8C24F700BA7719 /* Products */ = {
			isa = PBXGroup;
			children = (
				7CA0051E1E8C24F700BA7719 /* ApoieACena.app */,
			);
			name = Products;
			sourceTree = "<group>";
		};
		7CA005201E8C24F700BA7719 /* ApoieACena */ = {
			isa = PBXGroup;
			children = (
				7CA005211E8C24F700BA7719 /* AppDelegate.swift */,
				7CA005231E8C24F700BA7719 /* ViewController.swift */,
				7CA005251E8C24F700BA7719 /* Main.storyboard */,
				7CA005281E8C24F700BA7719 /* Assets.xcassets */,
				7CA005351E8D301F00BA7719 /* playApoieACena.png */,
				7CA0052A1E8C24F700BA7719 /* LaunchScreen.storyboard */,
				7CA0052D1E8C24F700BA7719 /* Info.plist */,
				7C7F4F181E8ED799008DD0CE /* SearchViewController.swift */,
				7C7F4F1A1E8ED7C9008DD0CE /* LocalViewController.swift */,
				7C7F4F1C1E8ED7D9008DD0CE /* ProfileViewController.swift */,
			);
			path = ApoieACena;
			sourceTree = "<group>";
		};
/* End PBXGroup section */

/* Begin PBXNativeTarget section */
		7CA0051D1E8C24F700BA7719 /* ApoieACena */ = {
			isa = PBXNativeTarget;
			buildConfigurationList = 7CA005301E8C24F700BA7719 /* Build configuration list for PBXNativeTarget "ApoieACena" */;
			buildPhases = (
				7CA0051A1E8C24F700BA7719 /* Sources */,
				7CA0051B1E8C24F700BA7719 /* Frameworks */,
				7CA0051C1E8C24F700BA7719 /* Resources */,
			);
			buildRules = (
			);
			dependencies = (
			);
			name = ApoieACena;
			productName = ApoieACena;
			productReference = 7CA0051E1E8C24F700BA7719 /* ApoieACena.app */;
			productType = "com.apple.product-type.application";
		};
/* End PBXNativeTarget section */

/* Begin PBXProject section */
		7CA005161E8C24F700BA7719 /* Project object */ = {
			isa = PBXProject;
			attributes = {
				LastSwiftUpdateCheck = 0820;
				LastUpgradeCheck = 0820;
				ORGANIZATIONNAME = "Felipe Montenegro";
				TargetAttributes = {
					7CA0051D1E8C24F700BA7719 = {
						CreatedOnToolsVersion = 8.2.1;
						DevelopmentTeam = 57BET65MV6;
						ProvisioningStyle = Automatic;
					};
				};
			};
			buildConfigurationList = 7CA005191E8C24F700BA7719 /* Build configuration list for PBXProject "ApoieACena" */;
			compatibilityVersion = "Xcode 3.2";
			developmentRegion = English;
			hasScannedForEncodings = 0;
			knownRegions = (
				en,
				Base,
			);
			mainGroup = 7CA005151E8C24F600BA7719;
			productRefGroup = 7CA0051F1E8C24F700BA7719 /* Products */;
			projectDirPath = "";
			projectRoot = "";
			targets = (
				7CA0051D1E8C24F700BA7719 /* ApoieACena */,
			);
		};
/* End PBXProject section */

/* Begin PBXResourcesBuildPhase section */
		7CA0051C1E8C24F700BA7719 /* Resources */ = {
			isa = PBXResourcesBuildPhase;
			buildActionMask = 2147483647;
			files = (
				7CA0052C1E8C24F700BA7719 /* LaunchScreen.storyboard in Resources */,
				7CA005361E8D301F00BA7719 /* playApoieACena.png in Resources */,
				7CA005291E8C24F700BA7719 /* Assets.xcassets in Resources */,
				7CA005271E8C24F700BA7719 /* Main.storyboard in Resources */,
			);
			runOnlyForDeploymentPostprocessing = 0;
		};
/* End PBXResourcesBuildPhase section */

/* Begin PBXSourcesBuildPhase section */
		7CA0051A1E8C24F700BA7719 /* Sources */ = {
			isa = PBXSourcesBuildPhase;
			buildActionMask = 2147483647;
			files = (
				7C7F4F191E8ED799008DD0CE /* SearchViewController.swift in Sources */,
				7CA005241E8C24F700BA7719 /* ViewController.swift in Sources */,
				7C7F4F1D1E8ED7D9008DD0CE /* ProfileViewController.swift in Sources */,
				7C7F4F1B1E8ED7C9008DD0CE /* LocalViewController.swift in Sources */,
				7CA005221E8C24F700BA7719 /* AppDelegate.swift in Sources */,
			);
			runOnlyForDeploymentPostprocessing = 0;
		};
/* End PBXSourcesBuildPhase section */

/* Begin PBXVariantGroup section */
		7CA005251E8C24F700BA7719 /* Main.storyboard */ = {
			isa = PBXVariantGroup;
			children = (
				7CA005261E8C24F700BA7719 /* Base */,
			);
			name = Main.storyboard;
			sourceTree = "<group>";
		};
		7CA0052A1E8C24F700BA7719 /* LaunchScreen.storyboard */ = {
			isa = PBXVariantGroup;
			children = (
				7CA0052B1E8C24F700BA7719 /* Base */,
			);
			name = LaunchScreen.storyboard;
			sourceTree = "<group>";
		};
/* End PBXVariantGroup section */

/* Begin XCBuildConfiguration section */
		7CA0052E1E8C24F700BA7719 /* Debug */ = {
			isa = XCBuildConfiguration;
			buildSettings = {
				ALWAYS_SEARCH_USER_PATHS = NO;
				CLANG_ANALYZER_NONNULL = YES;
				CLANG_CXX_LANGUAGE_STANDARD = "gnu++0x";
				CLANG_CXX_LIBRARY = "libc++";
				CLANG_ENABLE_MODULES = YES;
				CLANG_ENABLE_OBJC_ARC = YES;
				CLANG_WARN_BOOL_CONVERSION = YES;
				CLANG_WARN_CONSTANT_CONVERSION = YES;
				CLANG_WARN_DIRECT_OBJC_ISA_USAGE = YES_ERROR;
				CLANG_WARN_DOCUMENTATION_COMMENTS = YES;
				CLANG_WARN_EMPTY_BODY = YES;
				CLANG_WARN_ENUM_CONVERSION = YES;
				CLANG_WARN_INFINITE_RECURSION = YES;
				CLANG_WARN_INT_CONVERSION = YES;
				CLANG_WARN_OBJC_ROOT_CLASS = YES_ERROR;
				CLANG_WARN_SUSPICIOUS_MOVE = YES;
				CLANG_WARN_UNREACHABLE_CODE = YES;
				CLANG_WARN__DUPLICATE_METHOD_MATCH = YES;
				"CODE_SIGN_IDENTITY[sdk=iphoneos*]" = "iPhone Developer";
				COPY_PHASE_STRIP = NO;
				DEBUG_INFORMATION_FORMAT = dwarf;
				ENABLE_STRICT_OBJC_MSGSEND = YES;
				ENABLE_TESTABILITY = YES;
				GCC_C_LANGUAGE_STANDARD = gnu99;
				GCC_DYNAMIC_NO_PIC = NO;
				GCC_NO_COMMON_BLOCKS = YES;
				GCC_OPTIMIZATION_LEVEL = 0;
				GCC_PREPROCESSOR_DEFINITIONS = (
					"DEBUG=1",
					"$(inherited)",
				);
				GCC_WARN_64_TO_32_BIT_CONVERSION = YES;
				GCC_WARN_ABOUT_RETURN_TYPE = YES_ERROR;
				GCC_WARN_UNDECLARED_SELECTOR = YES;
				GCC_WARN_UNINITIALIZED_AUTOS = YES_AGGRESSIVE;
				GCC_WARN_UNUSED_FUNCTION = YES;
				GCC_WARN_UNUSED_VARIABLE = YES;
				IPHONEOS_DEPLOYMENT_TARGET = 10.2;
				MTL_ENABLE_DEBUG_INFO = YES;
				ONLY_ACTIVE_ARCH = YES;
				SDKROOT = iphoneos;
				SWIFT_ACTIVE_COMPILATION_CONDITIONS = DEBUG;
				SWIFT_OPTIMIZATION_LEVEL = "-Onone";
				TARGETED_DEVICE_FAMILY = "1,2";
			};
			name = Debug;
		};
		7CA0052F1E8C24F700BA7719 /* Release */ = {
			isa = XCBuildConfiguration;
			buildSettings = {
				ALWAYS_SEARCH_USER_PATHS = NO;
				CLANG_ANALYZER_NONNULL = YES;
				CLANG_CXX_LANGUAGE_STANDARD = "gnu++0x";
				CLANG_CXX_LIBRARY = "libc++";
				CLANG_ENABLE_MODULES = YES;
				CLANG_ENABLE_OBJC_ARC = YES;
				CLANG_WARN_BOOL_CONVERSION = YES;
				CLANG_WARN_CONSTANT_CONVERSION = YES;
				CLANG_WARN_DIRECT_OBJC_ISA_USAGE = YES_ERROR;
				CLANG_WARN_DOCUMENTATION_COMMENTS = YES;
				CLANG_WARN_EMPTY_BODY = YES;
				CLANG_WARN_ENUM_CONVERSION = YES;
				CLANG_WARN_INFINITE_RECURSION = YES;
				CLANG_WARN_INT_CONVERSION = YES;
				CLANG_WARN_OBJC_ROOT_CLASS = YES_ERROR;
				CLANG_WARN_SUSPICIOUS_MOVE = YES;
				CLANG_WARN_UNREACHABLE_CODE = YES;
				CLANG_WARN__DUPLICATE_METHOD_MATCH = YES;
				"CODE_SIGN_IDENTITY[sdk=iphoneos*]" = "iPhone Developer";
				COPY_PHASE_STRIP = NO;
				DEBUG_INFORMATION_FORMAT = "dwarf-with-dsym";
				ENABLE_NS_ASSERTIONS = NO;
				ENABLE_STRICT_OBJC_MSGSEND = YES;
				GCC_C_LANGUAGE_STANDARD = gnu99;
				GCC_NO_COMMON_BLOCKS = YES;
				GCC_WARN_64_TO_32_BIT_CONVERSION = YES;
				GCC_WARN_ABOUT_RETURN_TYPE = YES_ERROR;
				GCC_WARN_UNDECLARED_SELECTOR = YES;
				GCC_WARN_UNINITIALIZED_AUTOS = YES_AGGRESSIVE;
				GCC_WARN_UNUSED_FUNCTION = YES;
				GCC_WARN_UNUSED_VARIABLE = YES;
				IPHONEOS_DEPLOYMENT_TARGET = 10.2;
				MTL_ENABLE_DEBUG_INFO = NO;
				SDKROOT = iphoneos;
				SWIFT_OPTIMIZATION_LEVEL = "-Owholemodule";
				TARGETED_DEVICE_FAMILY = "1,2";
				VALIDATE_PRODUCT = YES;
			};
			name = Release;
		};
		7CA005311E8C24F700BA7719 /* Debug */ = {
			isa = XCBuildConfiguration;
			buildSettings = {
				ASSETCATALOG_COMPILER_APPICON_NAME = AppIcon;
				DEVELOPMENT_TEAM = 57BET65MV6;
				INFOPLIST_FILE = ApoieACena/Info.plist;
				LD_RUNPATH_SEARCH_PATHS = "$(inherited) @executable_path/Frameworks";
				PRODUCT_BUNDLE_IDENTIFIER = bepid.ApoieACena;
				PRODUCT_NAME = "$(TARGET_NAME)";
				SWIFT_VERSION = 3.0;
			};
			name = Debug;
		};
		7CA005321E8C24F700BA7719 /* Release */ = {
			isa = XCBuildConfiguration;
			buildSettings = {
				ASSETCATALOG_COMPILER_APPICON_NAME = AppIcon;
				DEVELOPMENT_TEAM = 57BET65MV6;
				INFOPLIST_FILE = ApoieACena/Info.plist;
				LD_RUNPATH_SEARCH_PATHS = "$(inherited) @executable_path/Frameworks";
				PRODUCT_BUNDLE_IDENTIFIER = bepid.ApoieACena;
				PRODUCT_NAME = "$(TARGET_NAME)";
				SWIFT_VERSION = 3.0;
			};
			name = Release;
		};
/* End XCBuildConfiguration section */

/* Begin XCConfigurationList section */
		7CA005191E8C24F700BA7719 /* Build configuration list for PBXProject "ApoieACena" */ = {
			isa = XCConfigurationList;
			buildConfigurations = (
				7CA0052E1E8C24F700BA7719 /* Debug */,
				7CA0052F1E8C24F700BA7719 /* Release */,
			);
			defaultConfigurationIsVisible = 0;
			defaultConfigurationName = Release;
		};
		7CA005301E8C24F700BA7719 /* Build configuration list for PBXNativeTarget "ApoieACena" */ = {
			isa = XCConfigurationList;
			buildConfigurations = (
				7CA005311E8C24F700BA7719 /* Debug */,
				7CA005321E8C24F700BA7719 /* Release */,
			);
			defaultConfigurationIsVisible = 0;
			defaultConfigurationName = Release;
		};
/* End XCConfigurationList section */
	};
	rootObject = 7CA005161E8C24F700BA7719 /* Project object */;
}
